
Microsoft Visual Studio Solution File, Format Version 12.00
# Visual Studio Version 16
VisualStudioVersion = 16.0.30711.63
MinimumVisualStudioVersion = 10.0.40219.1
Project("{FAE04EC0-301F-11D3-BF4B-00C04F79EFBC}") = "Test Web API for SystemGlobalServices", "Test Web API for SystemGlobalServices\Test Web API for SystemGlobalServices.csproj", "{4E06654F-EE1C-4A55-B14D-D7A38EE5168A}"
EndProject
Global
	GlobalSection(SolutionConfigurationPlatforms) = preSolution
		Debug|Any CPU = Debug|Any CPU
		Release|Any CPU = Release|Any CPU
	EndGlobalSection
	GlobalSection(ProjectConfigurationPlatforms) = postSolution
		{4E06654F-EE1C-4A55-B14D-D7A38EE5168A}.Debug|Any CPU.ActiveCfg = Debug|Any CPU
		{4E06654F-EE1C-4A55-B14D-D7A38EE5168A}.Debug|Any CPU.Build.0 = Debug|Any CPU
		{4E06654F-EE1C-4A55-B14D-D7A38EE5168A}.Release|Any CPU.ActiveCfg = Release|Any CPU
		{4E06654F-EE1C-4A55-B14D-D7A38EE5168A}.Release|Any CPU.Build.0 = Release|Any CPU
	EndGlobalSection
	GlobalSection(SolutionProperties) = preSolution
		HideSolutionNode = FALSE
	EndGlobalSection
	GlobalSection(ExtensibilityGlobals) = postSolution
		SolutionGuid = {AB64D19B-1F25-4B5A-AF6D-3287EBAB0FAF}
	EndGlobalSection
EndGlobal
